// !$*UTF8*$!
{
	archiveVersion = 1;
	classes = {
	};
	objectVersion = 50;
	objects = {

/* Begin PBXBuildFile section */
		6C409E2126DBC92F009C683F /* AppDelegate.swift in Sources */ = {isa = PBXBuildFile; fileRef = 6C409E2026DBC92F009C683F /* AppDelegate.swift */; };
		6C409E2326DBC92F009C683F /* SceneDelegate.swift in Sources */ = {isa = PBXBuildFile; fileRef = 6C409E2226DBC92F009C683F /* SceneDelegate.swift */; };
		6C409E2826DBC92F009C683F /* Main.storyboard in Resources */ = {isa = PBXBuildFile; fileRef = 6C409E2626DBC92F009C683F /* Main.storyboard */; };
		6C409E2A26DBC930009C683F /* Assets.xcassets in Resources */ = {isa = PBXBuildFile; fileRef = 6C409E2926DBC930009C683F /* Assets.xcassets */; };
		6C409E2D26DBC930009C683F /* LaunchScreen.storyboard in Resources */ = {isa = PBXBuildFile; fileRef = 6C409E2B26DBC930009C683F /* LaunchScreen.storyboard */; };
		6C409E3526DBCA24009C683F /* LoginViewController.swift in Sources */ = {isa = PBXBuildFile; fileRef = 6C409E3426DBCA24009C683F /* LoginViewController.swift */; };
		6C409E3726DBCA78009C683F /* WelcomeViewController.swift in Sources */ = {isa = PBXBuildFile; fileRef = 6C409E3626DBCA78009C683F /* WelcomeViewController.swift */; };
		6C409E3F26DBEE43009C683F /* User.swift in Sources */ = {isa = PBXBuildFile; fileRef = 6C409E3E26DBEE43009C683F /* User.swift */; };
		6CA6038526DFB9B300D08E9A /* UserInfoViewController.swift in Sources */ = {isa = PBXBuildFile; fileRef = 6CA6038426DFB9B300D08E9A /* UserInfoViewController.swift */; };
		6CA6038726DFB9FD00D08E9A /* ImageViewController.swift in Sources */ = {isa = PBXBuildFile; fileRef = 6CA6038626DFB9FD00D08E9A /* ImageViewController.swift */; };
/* End PBXBuildFile section */

/* Begin PBXFileReference section */
		6C409E1D26DBC92F009C683F /* AboutMe.app */ = {isa = PBXFileReference; explicitFileType = wrapper.application; includeInIndex = 0; path = AboutMe.app; sourceTree = BUILT_PRODUCTS_DIR; };
		6C409E2026DBC92F009C683F /* AppDelegate.swift */ = {isa = PBXFileReference; lastKnownFileType = sourcecode.swift; path = AppDelegate.swift; sourceTree = "<group>"; };
		6C409E2226DBC92F009C683F /* SceneDelegate.swift */ = {isa = PBXFileReference; lastKnownFileType = sourcecode.swift; path = SceneDelegate.swift; sourceTree = "<group>"; };
		6C409E2726DBC92F009C683F /* Base */ = {isa = PBXFileReference; lastKnownFileType = file.storyboard; name = Base; path = Base.lproj/Main.storyboard; sourceTree = "<group>"; };
		6C409E2926DBC930009C683F /* Assets.xcassets */ = {isa = PBXFileReference; lastKnownFileType = folder.assetcatalog; path = Assets.xcassets; sourceTree = "<group>"; };
		6C409E2C26DBC930009C683F /* Base */ = {isa = PBXFileReference; lastKnownFileType = file.storyboard; name = Base; path = Base.lproj/LaunchScreen.storyboard; sourceTree = "<group>"; };
		6C409E2E26DBC930009C683F /* Info.plist */ = {isa = PBXFileReference; lastKnownFileType = text.plist.xml; path = Info.plist; sourceTree = "<group>"; };
		6C409E3426DBCA24009C683F /* LoginViewController.swift */ = {isa = PBXFileReference; lastKnownFileType = sourcecode.swift; path = LoginViewController.swift; sourceTree = "<group>"; };
		6C409E3626DBCA78009C683F /* WelcomeViewController.swift */ = {isa = PBXFileReference; lastKnownFileType = sourcecode.swift; path = WelcomeViewController.swift; sourceTree = "<group>"; };
		6C409E3E26DBEE43009C683F /* User.swift */ = {isa = PBXFileReference; lastKnownFileType = sourcecode.swift; path = User.swift; sourceTree = "<group>"; };
		6CA6038426DFB9B300D08E9A /* UserInfoViewController.swift */ = {isa = PBXFileReference; lastKnownFileType = sourcecode.swift; path = UserInfoViewController.swift; sourceTree = "<group>"; };
		6CA6038626DFB9FD00D08E9A /* ImageViewController.swift */ = {isa = PBXFileReference; lastKnownFileType = sourcecode.swift; name = ImageViewController.swift; path = AboutMe/ViewControllers/ImageViewController.swift; sourceTree = SOURCE_ROOT; };
/* End PBXFileReference section */

/* Begin PBXFrameworksBuildPhase section */
		6C409E1A26DBC92F009C683F /* Frameworks */ = {
			isa = PBXFrameworksBuildPhase;
			buildActionMask = 2147483647;
			files = (
			);
			runOnlyForDeploymentPostprocessing = 0;
		};
/* End PBXFrameworksBuildPhase section */

/* Begin PBXGroup section */
		6C409E1426DBC92F009C683F = {
			isa = PBXGroup;
			children = (
				6C409E1F26DBC92F009C683F /* AboutMe */,
				6C409E1E26DBC92F009C683F /* Products */,
			);
			sourceTree = "<group>";
		};
		6C409E1E26DBC92F009C683F /* Products */ = {
			isa = PBXGroup;
			children = (
				6C409E1D26DBC92F009C683F /* AboutMe.app */,
			);
			name = Products;
			sourceTree = "<group>";
		};
		6C409E1F26DBC92F009C683F /* AboutMe */ = {
			isa = PBXGroup;
			children = (
				6C409E3926DBE885009C683F /* ViewControllers */,
				6C409E3D26DBE980009C683F /* Models */,
				6C409E3A26DBE8B7009C683F /* Storyboards */,
				6C409E3B26DBE8CE009C683F /* Resources */,
				6C409E3C26DBE8EC009C683F /* App */,
			);
			path = AboutMe;
			sourceTree = "<group>";
		};
		6C409E3926DBE885009C683F /* ViewControllers */ = {
			isa = PBXGroup;
			children = (
				6C409E3626DBCA78009C683F /* WelcomeViewController.swift */,
				6C409E3426DBCA24009C683F /* LoginViewController.swift */,
				6CA6038426DFB9B300D08E9A /* UserInfoViewController.swift */,
				6CA6038626DFB9FD00D08E9A /* ImageViewController.swift */,
			);
			path = ViewControllers;
			sourceTree = "<group>";
		};
		6C409E3A26DBE8B7009C683F /* Storyboards */ = {
			isa = PBXGroup;
			children = (
				6C409E2626DBC92F009C683F /* Main.storyboard */,
				6C409E2B26DBC930009C683F /* LaunchScreen.storyboard */,
			);
			path = Storyboards;
			sourceTree = "<group>";
		};
		6C409E3B26DBE8CE009C683F /* Resources */ = {
			isa = PBXGroup;
			children = (
				6C409E2926DBC930009C683F /* Assets.xcassets */,
			);
			path = Resources;
			sourceTree = "<group>";
		};
		6C409E3C26DBE8EC009C683F /* App */ = {
			isa = PBXGroup;
			children = (
				6C409E2026DBC92F009C683F /* AppDelegate.swift */,
				6C409E2226DBC92F009C683F /* SceneDelegate.swift */,
				6C409E2E26DBC930009C683F /* Info.plist */,
			);
			path = App;
			sourceTree = "<group>";
		};
		6C409E3D26DBE980009C683F /* Models */ = {
			isa = PBXGroup;
			children = (
				6C409E3E26DBEE43009C683F /* User.swift */,
			);
			path = Models;
			sourceTree = "<group>";
		};
/* End PBXGroup section */

/* Begin PBXNativeTarget section */
		6C409E1C26DBC92F009C683F /* AboutMe */ = {
			isa = PBXNativeTarget;
			buildConfigurationList = 6C409E3126DBC930009C683F /* Build configuration list for PBXNativeTarget "AboutMe" */;
			buildPhases = (
				6C409E1926DBC92F009C683F /* Sources */,
				6C409E1A26DBC92F009C683F /* Frameworks */,
				6C409E1B26DBC92F009C683F /* Resources */,
			);
			buildRules = (
			);
			dependencies = (
			);
			name = AboutMe;
			productName = AboutMe;
			productReference = 6C409E1D26DBC92F009C683F /* AboutMe.app */;
			productType = "com.apple.product-type.application";
		};
/* End PBXNativeTarget section */

/* Begin PBXProject section */
		6C409E1526DBC92F009C683F /* Project object */ = {
			isa = PBXProject;
			attributes = {
				LastSwiftUpdateCheck = 1250;
				LastUpgradeCheck = 1250;
				TargetAttributes = {
					6C409E1C26DBC92F009C683F = {
						CreatedOnToolsVersion = 12.5.1;
					};
				};
			};
			buildConfigurationList = 6C409E1826DBC92F009C683F /* Build configuration list for PBXProject "AboutMe" */;
			compatibilityVersion = "Xcode 9.3";
			developmentRegion = en;
			hasScannedForEncodings = 0;
			knownRegions = (
				en,
				Base,
			);
			mainGroup = 6C409E1426DBC92F009C683F;
			productRefGroup = 6C409E1E26DBC92F009C683F /* Products */;
			projectDirPath = "";
			projectRoot = "";
			targets = (
				6C409E1C26DBC92F009C683F /* AboutMe */,
			);
		};
/* End PBXProject section */

/* Begin PBXResourcesBuildPhase section */
		6C409E1B26DBC92F009C683F /* Resources */ = {
			isa = PBXResourcesBuildPhase;
			buildActionMask = 2147483647;
			files = (
				6C409E2D26DBC930009C683F /* LaunchScreen.storyboard in Resources */,
				6C409E2A26DBC930009C683F /* Assets.xcassets in Resources */,
				6C409E2826DBC92F009C683F /* Main.storyboard in Resources */,
			);
			runOnlyForDeploymentPostprocessing = 0;
		};
/* End PBXResourcesBuildPhase section */

/* Begin PBXSourcesBuildPhase section */
		6C409E1926DBC92F009C683F /* Sources */ = {
			isa = PBXSourcesBuildPhase;
			buildActionMask = 2147483647;
			files = (
				6C409E3526DBCA24009C683F /* LoginViewController.swift in Sources */,
				6CA6038526DFB9B300D08E9A /* UserInfoViewController.swift in Sources */,
				6C409E3726DBCA78009C683F /* WelcomeViewController.swift in Sources */,
				6CA6038726DFB9FD00D08E9A /* ImageViewController.swift in Sources */,
				6C409E2126DBC92F009C683F /* AppDelegate.swift in Sources */,
				6C409E3F26DBEE43009C683F /* User.swift in Sources */,
				6C409E2326DBC92F009C683F /* SceneDelegate.swift in Sources */,
			);
			runOnlyForDeploymentPostprocessing = 0;
		};
/* End PBXSourcesBuildPhase section */

/* Begin PBXVariantGroup section */
		6C409E2626DBC92F009C683F /* Main.storyboard */ = {
			isa = PBXVariantGroup;
			children = (
				6C409E2726DBC92F009C683F /* Base */,
			);
			name = Main.storyboard;
			sourceTree = "<group>";
		};
		6C409E2B26DBC930009C683F /* LaunchScreen.storyboard */ = {
			isa = PBXVariantGroup;
			children = (
				6C409E2C26DBC930009C683F /* Base */,
			);
			name = LaunchScreen.storyboard;
			sourceTree = "<group>";
		};
/* End PBXVariantGroup section */

/* Begin XCBuildConfiguration section */
		6C409E2F26DBC930009C683F /* Debug */ = {
			isa = XCBuildConfiguration;
			buildSettings = {
				ALWAYS_SEARCH_USER_PATHS = NO;
				CLANG_ANALYZER_NONNULL = YES;
				CLANG_ANALYZER_NUMBER_OBJECT_CONVERSION = YES_AGGRESSIVE;
				CLANG_CXX_LANGUAGE_STANDARD = "gnu++14";
				CLANG_CXX_LIBRARY = "libc++";
				CLANG_ENABLE_MODULES = YES;
				CLANG_ENABLE_OBJC_ARC = YES;
				CLANG_ENABLE_OBJC_WEAK = YES;
				CLANG_WARN_BLOCK_CAPTURE_AUTORELEASING = YES;
				CLANG_WARN_BOOL_CONVERSION = YES;
				CLANG_WARN_COMMA = YES;
				CLANG_WARN_CONSTANT_CONVERSION = YES;
				CLANG_WARN_DEPRECATED_OBJC_IMPLEMENTATIONS = YES;
				CLANG_WARN_DIRECT_OBJC_ISA_USAGE = YES_ERROR;
				CLANG_WARN_DOCUMENTATION_COMMENTS = YES;
				CLANG_WARN_EMPTY_BODY = YES;
				CLANG_WARN_ENUM_CONVERSION = YES;
				CLANG_WARN_INFINITE_RECURSION = YES;
				CLANG_WARN_INT_CONVERSION = YES;
				CLANG_WARN_NON_LITERAL_NULL_CONVERSION = YES;
				CLANG_WARN_OBJC_IMPLICIT_RETAIN_SELF = YES;
				CLANG_WARN_OBJC_LITERAL_CONVERSION = YES;
				CLANG_WARN_OBJC_ROOT_CLASS = YES_ERROR;
				CLANG_WARN_QUOTED_INCLUDE_IN_FRAMEWORK_HEADER = YES;
				CLANG_WARN_RANGE_LOOP_ANALYSIS = YES;
				CLANG_WARN_STRICT_PROTOTYPES = YES;
				CLANG_WARN_SUSPICIOUS_MOVE = YES;
				CLANG_WARN_UNGUARDED_AVAILABILITY = YES_AGGRESSIVE;
				CLANG_WARN_UNREACHABLE_CODE = YES;
				CLANG_WARN__DUPLICATE_METHOD_MATCH = YES;
				COPY_PHASE_STRIP = NO;
				DEBUG_INFORMATION_FORMAT = dwarf;
				ENABLE_STRICT_OBJC_MSGSEND = YES;
				ENABLE_TESTABILITY = YES;
				GCC_C_LANGUAGE_STANDARD = gnu11;
				GCC_DYNAMIC_NO_PIC = NO;
				GCC_NO_COMMON_BLOCKS = YES;
				GCC_OPTIMIZATION_LEVEL = 0;
				GCC_PREPROCESSOR_DEFINITIONS = (
					"DEBUG=1",
					"$(inherited)",
				);
				GCC_WARN_64_TO_32_BIT_CONVERSION = YES;
				GCC_WARN_ABOUT_RETURN_TYPE = YES_ERROR;
				GCC_WARN_UNDECLARED_SELECTOR = YES;
				GCC_WARN_UNINITIALIZED_AUTOS = YES_AGGRESSIVE;
				GCC_WARN_UNUSED_FUNCTION = YES;
				GCC_WARN_UNUSED_VARIABLE = YES;
				IPHONEOS_DEPLOYMENT_TARGET = 14.5;
				MTL_ENABLE_DEBUG_INFO = INCLUDE_SOURCE;
				MTL_FAST_MATH = YES;
				ONLY_ACTIVE_ARCH = YES;
				SDKROOT = iphoneos;
				SWIFT_ACTIVE_COMPILATION_CONDITIONS = DEBUG;
				SWIFT_OPTIMIZATION_LEVEL = "-Onone";
			};
			name = Debug;
		};
		6C409E3026DBC930009C683F /* Release */ = {
			isa = XCBuildConfiguration;
			buildSettings = {
				ALWAYS_SEARCH_USER_PATHS = NO;
				CLANG_ANALYZER_NONNULL = YES;
				CLANG_ANALYZER_NUMBER_OBJECT_CONVERSION = YES_AGGRESSIVE;
				CLANG_CXX_LANGUAGE_STANDARD = "gnu++14";
				CLANG_CXX_LIBRARY = "libc++";
				CLANG_ENABLE_MODULES = YES;
				CLANG_ENABLE_OBJC_ARC = YES;
				CLANG_ENABLE_OBJC_WEAK = YES;
				CLANG_WARN_BLOCK_CAPTURE_AUTORELEASING = YES;
				CLANG_WARN_BOOL_CONVERSION = YES;
				CLANG_WARN_COMMA = YES;
				CLANG_WARN_CONSTANT_CONVERSION = YES;
				CLANG_WARN_DEPRECATED_OBJC_IMPLEMENTATIONS = YES;
				CLANG_WARN_DIRECT_OBJC_ISA_USAGE = YES_ERROR;
				CLANG_WARN_DOCUMENTATION_COMMENTS = YES;
				CLANG_WARN_EMPTY_BODY = YES;
				CLANG_WARN_ENUM_CONVERSION = YES;
				CLANG_WARN_INFINITE_RECURSION = YES;
				CLANG_WARN_INT_CONVERSION = YES;
				CLANG_WARN_NON_LITERAL_NULL_CONVERSION = YES;
				CLANG_WARN_OBJC_IMPLICIT_RETAIN_SELF = YES;
				CLANG_WARN_OBJC_LITERAL_CONVERSION = YES;
				CLANG_WARN_OBJC_ROOT_CLASS = YES_ERROR;
				CLANG_WARN_QUOTED_INCLUDE_IN_FRAMEWORK_HEADER = YES;
				CLANG_WARN_RANGE_LOOP_ANALYSIS = YES;
				CLANG_WARN_STRICT_PROTOTYPES = YES;
				CLANG_WARN_SUSPICIOUS_MOVE = YES;
				CLANG_WARN_UNGUARDED_AVAILABILITY = YES_AGGRESSIVE;
				CLANG_WARN_UNREACHABLE_CODE = YES;
				CLANG_WARN__DUPLICATE_METHOD_MATCH = YES;
				COPY_PHASE_STRIP = NO;
				DEBUG_INFORMATION_FORMAT = "dwarf-with-dsym";
				ENABLE_NS_ASSERTIONS = NO;
				ENABLE_STRICT_OBJC_MSGSEND = YES;
				GCC_C_LANGUAGE_STANDARD = gnu11;
				GCC_NO_COMMON_BLOCKS = YES;
				GCC_WARN_64_TO_32_BIT_CONVERSION = YES;
				GCC_WARN_ABOUT_RETURN_TYPE = YES_ERROR;
				GCC_WARN_UNDECLARED_SELECTOR = YES;
				GCC_WARN_UNINITIALIZED_AUTOS = YES_AGGRESSIVE;
				GCC_WARN_UNUSED_FUNCTION = YES;
				GCC_WARN_UNUSED_VARIABLE = YES;
				IPHONEOS_DEPLOYMENT_TARGET = 14.5;
				MTL_ENABLE_DEBUG_INFO = NO;
				MTL_FAST_MATH = YES;
				SDKROOT = iphoneos;
				SWIFT_COMPILATION_MODE = wholemodule;
				SWIFT_OPTIMIZATION_LEVEL = "-O";
				VALIDATE_PRODUCT = YES;
			};
			name = Release;
		};
		6C409E3226DBC930009C683F /* Debug */ = {
			isa = XCBuildConfiguration;
			buildSettings = {
				ASSETCATALOG_COMPILER_APPICON_NAME = AppIcon;
				ASSETCATALOG_COMPILER_GLOBAL_ACCENT_COLOR_NAME = AccentColor;
				CODE_SIGN_STYLE = Automatic;
				DEVELOPMENT_TEAM = J646KA8Y97;
				INFOPLIST_FILE = AboutMe/App/Info.plist;
				LD_RUNPATH_SEARCH_PATHS = (
					"$(inherited)",
					"@executable_path/Frameworks",
				);
				PRODUCT_BUNDLE_IDENTIFIER = evgeniypanchenko.AboutMe;
				PRODUCT_NAME = "$(TARGET_NAME)";
				SWIFT_VERSION = 5.0;
				TARGETED_DEVICE_FAMILY = 1;
			};
			name = Debug;
		};
		6C409E3326DBC930009C683F /* Release */ = {
			isa = XCBuildConfiguration;
			buildSettings = {
				ASSETCATALOG_COMPILER_APPICON_NAME = AppIcon;
				ASSETCATALOG_COMPILER_GLOBAL_ACCENT_COLOR_NAME = AccentColor;
				CODE_SIGN_STYLE = Automatic;
				DEVELOPMENT_TEAM = J646KA8Y97;
				INFOPLIST_FILE = AboutMe/App/Info.plist;
				LD_RUNPATH_SEARCH_PATHS = (
					"$(inherited)",
					"@executable_path/Frameworks",
				);
				PRODUCT_BUNDLE_IDENTIFIER = evgeniypanchenko.AboutMe;
				PRODUCT_NAME = "$(TARGET_NAME)";
				SWIFT_VERSION = 5.0;
				TARGETED_DEVICE_FAMILY = 1;
			};
			name = Release;
		};
/* End XCBuildConfiguration section */

/* Begin XCConfigurationList section */
		6C409E1826DBC92F009C683F /* Build configuration list for PBXProject "AboutMe" */ = {
			isa = XCConfigurationList;
			buildConfigurations = (
				6C409E2F26DBC930009C683F /* Debug */,
				6C409E3026DBC930009C683F /* Release */,
			);
			defaultConfigurationIsVisible = 0;
			defaultConfigurationName = Release;
		};
		6C409E3126DBC930009C683F /* Build configuration list for PBXNativeTarget "AboutMe" */ = {
			isa = XCConfigurationList;
			buildConfigurations = (
				6C409E3226DBC930009C683F /* Debug */,
				6C409E3326DBC930009C683F /* Release */,
			);
			defaultConfigurationIsVisible = 0;
			defaultConfigurationName = Release;
		};
/* End XCConfigurationList section */
	};
	rootObject = 6C409E1526DBC92F009C683F /* Project object */;
}
